
Microsoft Visual Studio Solution File, Format Version 12.00
# Visual Studio Version 17
VisualStudioVersion = 17.8.34525.116
MinimumVisualStudioVersion = 10.0.40219.1
Project("{9A19103F-16F7-4668-BE54-9A1E7A4F7556}") = "NWSBDotNetCore.ConsoleApp", "NWSBDotNetCore.ConsoleApp\NWSBDotNetCore.ConsoleApp.csproj", "{254CB8D2-F81A-424E-A1D2-A64B1D8E326A}"
EndProject
Project("{2150E333-8FDC-42A3-9474-1A3956D46DE8}") = "Document", "Document", "{B2E2C71E-E6E2-42AE-91DA-390601FA44BE}"
	ProjectSection(SolutionItems) = preProject
		DotNetTrainingBatch4.sql = DotNetTrainingBatch4.sql
		README.md = README.md
	EndProjectSection
EndProject
Project("{9A19103F-16F7-4668-BE54-9A1E7A4F7556}") = "NWSBDotNetCore.RestApi", "NWSBDotNetCore.RestApi\NWSBDotNetCore.RestApi.csproj", "{4E8923F1-A616-4B90-BBE1-DA2AF7B603E0}"
EndProject
Project("{9A19103F-16F7-4668-BE54-9A1E7A4F7556}") = "NWSBDotNetCore.Shared", "NWSBDotNetCore.Minimal\NWSBDotNetCore.Shared.csproj", "{EA1752B8-A03D-45B1-9FB9-6CEA5B61454B}"
EndProject
Project("{9A19103F-16F7-4668-BE54-9A1E7A4F7556}") = "NWSBDotNetCore.RestApiWithNlayer", "NWSBDotNetCore.RestApiWithNlayer\NWSBDotNetCore.RestApiWithNlayer.csproj", "{40132C7F-D2EF-459B-A3A2-1A7D74D0C5B1}"
EndProject
Project("{9A19103F-16F7-4668-BE54-9A1E7A4F7556}") = "NWSBDotNetCore.HttpClient", "NWSBDotNetCore.HttpClient\NWSBDotNetCore.HttpClient.csproj", "{A263F2AA-47DF-4872-99DE-8EA5A1585577}"
EndProject
Project("{9A19103F-16F7-4668-BE54-9A1E7A4F7556}") = "NWSBDotNetCore.WindowFormApp", "NWSBDotNetCore.WindowFormApp\NWSBDotNetCore.WindowFormApp.csproj", "{1875A755-FA62-44B6-8228-D03C54701FF1}"
EndProject
Project("{9A19103F-16F7-4668-BE54-9A1E7A4F7556}") = "NWSBDotNetCore.ConsoleAppHttpClientExample", "NWSBDotNetCore.ConsoleAppHttpClientExample\NWSBDotNetCore.ConsoleAppHttpClientExample.csproj", "{49B30B25-3E2F-444A-B966-3F73C1DCA619}"
EndProject
Project("{FAE04EC0-301F-11D3-BF4B-00C04F79EFBC}") = "NWSBDotNetCore.ConsoleAppRestClientExample", "NWSBDotNetCore.ConsoleAppRestClientExample\NWSBDotNetCore.ConsoleAppRestClientExample.csproj", "{814D7EFE-40E2-4128-83F3-CC3AB04AFAE5}"
EndProject
Global
	GlobalSection(SolutionConfigurationPlatforms) = preSolution
		Debug|Any CPU = Debug|Any CPU
		Release|Any CPU = Release|Any CPU
	EndGlobalSection
	GlobalSection(ProjectConfigurationPlatforms) = postSolution
		{254CB8D2-F81A-424E-A1D2-A64B1D8E326A}.Debug|Any CPU.ActiveCfg = Debug|Any CPU
		{254CB8D2-F81A-424E-A1D2-A64B1D8E326A}.Debug|Any CPU.Build.0 = Debug|Any CPU
		{254CB8D2-F81A-424E-A1D2-A64B1D8E326A}.Release|Any CPU.ActiveCfg = Release|Any CPU
		{254CB8D2-F81A-424E-A1D2-A64B1D8E326A}.Release|Any CPU.Build.0 = Release|Any CPU
		{4E8923F1-A616-4B90-BBE1-DA2AF7B603E0}.Debug|Any CPU.ActiveCfg = Debug|Any CPU
		{4E8923F1-A616-4B90-BBE1-DA2AF7B603E0}.Debug|Any CPU.Build.0 = Debug|Any CPU
		{4E8923F1-A616-4B90-BBE1-DA2AF7B603E0}.Release|Any CPU.ActiveCfg = Release|Any CPU
		{4E8923F1-A616-4B90-BBE1-DA2AF7B603E0}.Release|Any CPU.Build.0 = Release|Any CPU
		{EA1752B8-A03D-45B1-9FB9-6CEA5B61454B}.Debug|Any CPU.ActiveCfg = Debug|Any CPU
		{EA1752B8-A03D-45B1-9FB9-6CEA5B61454B}.Debug|Any CPU.Build.0 = Debug|Any CPU
		{EA1752B8-A03D-45B1-9FB9-6CEA5B61454B}.Release|Any CPU.ActiveCfg = Release|Any CPU
		{EA1752B8-A03D-45B1-9FB9-6CEA5B61454B}.Release|Any CPU.Build.0 = Release|Any CPU
		{40132C7F-D2EF-459B-A3A2-1A7D74D0C5B1}.Debug|Any CPU.ActiveCfg = Debug|Any CPU
		{40132C7F-D2EF-459B-A3A2-1A7D74D0C5B1}.Debug|Any CPU.Build.0 = Debug|Any CPU
		{40132C7F-D2EF-459B-A3A2-1A7D74D0C5B1}.Release|Any CPU.ActiveCfg = Release|Any CPU
		{40132C7F-D2EF-459B-A3A2-1A7D74D0C5B1}.Release|Any CPU.Build.0 = Release|Any CPU
		{A263F2AA-47DF-4872-99DE-8EA5A1585577}.Debug|Any CPU.ActiveCfg = Debug|Any CPU
		{A263F2AA-47DF-4872-99DE-8EA5A1585577}.Debug|Any CPU.Build.0 = Debug|Any CPU
		{A263F2AA-47DF-4872-99DE-8EA5A1585577}.Release|Any CPU.ActiveCfg = Release|Any CPU
		{A263F2AA-47DF-4872-99DE-8EA5A1585577}.Release|Any CPU.Build.0 = Release|Any CPU
		{1875A755-FA62-44B6-8228-D03C54701FF1}.Debug|Any CPU.ActiveCfg = Debug|Any CPU
		{1875A755-FA62-44B6-8228-D03C54701FF1}.Debug|Any CPU.Build.0 = Debug|Any CPU
		{1875A755-FA62-44B6-8228-D03C54701FF1}.Release|Any CPU.ActiveCfg = Release|Any CPU
		{1875A755-FA62-44B6-8228-D03C54701FF1}.Release|Any CPU.Build.0 = Release|Any CPU
		{49B30B25-3E2F-444A-B966-3F73C1DCA619}.Debug|Any CPU.ActiveCfg = Debug|Any CPU
		{49B30B25-3E2F-444A-B966-3F73C1DCA619}.Debug|Any CPU.Build.0 = Debug|Any CPU
		{49B30B25-3E2F-444A-B966-3F73C1DCA619}.Release|Any CPU.ActiveCfg = Release|Any CPU
		{49B30B25-3E2F-444A-B966-3F73C1DCA619}.Release|Any CPU.Build.0 = Release|Any CPU
		{814D7EFE-40E2-4128-83F3-CC3AB04AFAE5}.Debug|Any CPU.ActiveCfg = Debug|Any CPU
		{814D7EFE-40E2-4128-83F3-CC3AB04AFAE5}.Debug|Any CPU.Build.0 = Debug|Any CPU
		{814D7EFE-40E2-4128-83F3-CC3AB04AFAE5}.Release|Any CPU.ActiveCfg = Release|Any CPU
		{814D7EFE-40E2-4128-83F3-CC3AB04AFAE5}.Release|Any CPU.Build.0 = Release|Any CPU
	EndGlobalSection
	GlobalSection(SolutionProperties) = preSolution
		HideSolutionNode = FALSE
	EndGlobalSection
	GlobalSection(ExtensibilityGlobals) = postSolution
		SolutionGuid = {B7E56413-9BCA-4FAF-9916-39F5CDDC88A1}
	EndGlobalSection
EndGlobal
